
Microsoft Visual Studio Solution File, Format Version 12.00
# Visual Studio 15
VisualStudioVersion = 15.0.27703.2042
MinimumVisualStudioVersion = 10.0.40219.1
Project("{FAE04EC0-301F-11D3-BF4B-00C04F79EFBC}") = "GameOfThrones", "GameOfThrones\GameOfThrones.csproj", "{9CFA9941-F304-4FC9-BC07-050B2678440A}"
EndProject
Global
	GlobalSection(SolutionConfigurationPlatforms) = preSolution
		Debug|Any CPU = Debug|Any CPU
		Release|Any CPU = Release|Any CPU
	EndGlobalSection
	GlobalSection(ProjectConfigurationPlatforms) = postSolution
		{9CFA9941-F304-4FC9-BC07-050B2678440A}.Debug|Any CPU.ActiveCfg = Debug|Any CPU
		{9CFA9941-F304-4FC9-BC07-050B2678440A}.Debug|Any CPU.Build.0 = Debug|Any CPU
		{9CFA9941-F304-4FC9-BC07-050B2678440A}.Release|Any CPU.ActiveCfg = Release|Any CPU
		{9CFA9941-F304-4FC9-BC07-050B2678440A}.Release|Any CPU.Build.0 = Release|Any CPU
	EndGlobalSection
	GlobalSection(SolutionProperties) = preSolution
		HideSolutionNode = FALSE
	EndGlobalSection
	GlobalSection(ExtensibilityGlobals) = postSolution
		SolutionGuid = {A6BC4F75-E185-4765-90CC-01C809507603}
	EndGlobalSection
EndGlobal
